// !$*UTF8*$!
{
	archiveVersion = 1;
	classes = {
	};
	objectVersion = 46;
	objects = {

/* Begin PBXBuildFile section */
		4126A16F18F69C910016EEF2 /* UIKit.framework in Frameworks */ = {isa = PBXBuildFile; fileRef = 4126A16E18F69C910016EEF2 /* UIKit.framework */; };
		4126A17118F69C910016EEF2 /* Foundation.framework in Frameworks */ = {isa = PBXBuildFile; fileRef = 4126A17018F69C910016EEF2 /* Foundation.framework */; };
		4126A17318F69C910016EEF2 /* CoreGraphics.framework in Frameworks */ = {isa = PBXBuildFile; fileRef = 4126A17218F69C910016EEF2 /* CoreGraphics.framework */; };
		4126A17918F69C910016EEF2 /* InfoPlist.strings in Resources */ = {isa = PBXBuildFile; fileRef = 4126A17718F69C910016EEF2 /* InfoPlist.strings */; };
		4126A17B18F69C910016EEF2 /* main.m in Sources */ = {isa = PBXBuildFile; fileRef = 4126A17A18F69C910016EEF2 /* main.m */; };
		4126A17F18F69C910016EEF2 /* AppDelegate.m in Sources */ = {isa = PBXBuildFile; fileRef = 4126A17E18F69C910016EEF2 /* AppDelegate.m */; };
		4126A19218F69E170016EEF2 /* ViewController.m in Sources */ = {isa = PBXBuildFile; fileRef = 4126A19018F69E170016EEF2 /* ViewController.m */; };
		4126A19318F69E170016EEF2 /* ViewController.xib in Resources */ = {isa = PBXBuildFile; fileRef = 4126A19118F69E170016EEF2 /* ViewController.xib */; };
		4126A19C18F6A8A70016EEF2 /* DetailViewController.m in Sources */ = {isa = PBXBuildFile; fileRef = 4126A19A18F6A8A70016EEF2 /* DetailViewController.m */; };
		4126A19D18F6A8A70016EEF2 /* DetailViewController.xib in Resources */ = {isa = PBXBuildFile; fileRef = 4126A19B18F6A8A70016EEF2 /* DetailViewController.xib */; };
		41B8B72418F6F2CF009AD1C9 /* FMResultSet.m in Sources */ = {isa = PBXBuildFile; fileRef = 41B8B72018F6F2CF009AD1C9 /* FMResultSet.m */; settings = {COMPILER_FLAGS = "-fno-objc-arc"; }; };
		41B8B72518F6F2CF009AD1C9 /* FMDatabase.m in Sources */ = {isa = PBXBuildFile; fileRef = 41B8B72218F6F2CF009AD1C9 /* FMDatabase.m */; settings = {COMPILER_FLAGS = "-fno-objc-arc"; }; };
		41B8B72818F6F326009AD1C9 /* libsqlite3.0.dylib in Frameworks */ = {isa = PBXBuildFile; fileRef = 41B8B72718F6F326009AD1C9 /* libsqlite3.0.dylib */; };
		41B8B73118F6FEC2009AD1C9 /* UserCell.m in Sources */ = {isa = PBXBuildFile; fileRef = 41B8B72F18F6FEC2009AD1C9 /* UserCell.m */; };
		41B8B73218F6FEC2009AD1C9 /* UserCell.xib in Resources */ = {isa = PBXBuildFile; fileRef = 41B8B73018F6FEC2009AD1C9 /* UserCell.xib */; };
		41BC861A18F9177900FD9D31 /* UserModel.m in Sources */ = {isa = PBXBuildFile; fileRef = 41BC861918F9177900FD9D31 /* UserModel.m */; };
		41E701D518F6DE9F00E82ACA /* UserDetail.sqlite in Resources */ = {isa = PBXBuildFile; fileRef = 41E701D418F6DE9F00E82ACA /* UserDetail.sqlite */; };
/* End PBXBuildFile section */

/* Begin PBXFileReference section */
		4126A16A18F69C910016EEF2 /* UserDetail.app */ = {isa = PBXFileReference; explicitFileType = wrapper.application; includeInIndex = 0; path = UserDetail.app; sourceTree = BUILT_PRODUCTS_DIR; };
		4126A16E18F69C910016EEF2 /* UIKit.framework */ = {isa = PBXFileReference; lastKnownFileType = wrapper.framework; name = UIKit.framework; path = System/Library/Frameworks/UIKit.framework; sourceTree = SDKROOT; };
		4126A17018F69C910016EEF2 /* Foundation.framework */ = {isa = PBXFileReference; lastKnownFileType = wrapper.framework; name = Foundation.framework; path = System/Library/Frameworks/Foundation.framework; sourceTree = SDKROOT; };
		4126A17218F69C910016EEF2 /* CoreGraphics.framework */ = {isa = PBXFileReference; lastKnownFileType = wrapper.framework; name = CoreGraphics.framework; path = System/Library/Frameworks/CoreGraphics.framework; sourceTree = SDKROOT; };
		4126A17618F69C910016EEF2 /* UserDetail-Info.plist */ = {isa = PBXFileReference; lastKnownFileType = text.plist.xml; path = "UserDetail-Info.plist"; sourceTree = "<group>"; };
		4126A17818F69C910016EEF2 /* en */ = {isa = PBXFileReference; lastKnownFileType = text.plist.strings; name = en; path = en.lproj/InfoPlist.strings; sourceTree = "<group>"; };
		4126A17A18F69C910016EEF2 /* main.m */ = {isa = PBXFileReference; lastKnownFileType = sourcecode.c.objc; path = main.m; sourceTree = "<group>"; };
		4126A17C18F69C910016EEF2 /* UserDetail-Prefix.pch */ = {isa = PBXFileReference; lastKnownFileType = sourcecode.c.h; path = "UserDetail-Prefix.pch"; sourceTree = "<group>"; };
		4126A17D18F69C910016EEF2 /* AppDelegate.h */ = {isa = PBXFileReference; lastKnownFileType = sourcecode.c.h; path = AppDelegate.h; sourceTree = "<group>"; };
		4126A17E18F69C910016EEF2 /* AppDelegate.m */ = {isa = PBXFileReference; lastKnownFileType = sourcecode.c.objc; path = AppDelegate.m; sourceTree = "<group>"; };
		4126A18F18F69E170016EEF2 /* ViewController.h */ = {isa = PBXFileReference; fileEncoding = 4; lastKnownFileType = sourcecode.c.h; path = ViewController.h; sourceTree = "<group>"; };
		4126A19018F69E170016EEF2 /* ViewController.m */ = {isa = PBXFileReference; fileEncoding = 4; lastKnownFileType = sourcecode.c.objc; path = ViewController.m; sourceTree = "<group>"; };
		4126A19118F69E170016EEF2 /* ViewController.xib */ = {isa = PBXFileReference; fileEncoding = 4; lastKnownFileType = file.xib; path = ViewController.xib; sourceTree = "<group>"; };
		4126A19918F6A8A70016EEF2 /* DetailViewController.h */ = {isa = PBXFileReference; fileEncoding = 4; lastKnownFileType = sourcecode.c.h; path = DetailViewController.h; sourceTree = "<group>"; };
		4126A19A18F6A8A70016EEF2 /* DetailViewController.m */ = {isa = PBXFileReference; fileEncoding = 4; lastKnownFileType = sourcecode.c.objc; path = DetailViewController.m; sourceTree = "<group>"; };
		4126A19B18F6A8A70016EEF2 /* DetailViewController.xib */ = {isa = PBXFileReference; fileEncoding = 4; lastKnownFileType = file.xib; path = DetailViewController.xib; sourceTree = "<group>"; };
		41B8B72018F6F2CF009AD1C9 /* FMResultSet.m */ = {isa = PBXFileReference; fileEncoding = 4; lastKnownFileType = sourcecode.c.objc; path = FMResultSet.m; sourceTree = "<group>"; };
		41B8B72118F6F2CF009AD1C9 /* FMResultSet.h */ = {isa = PBXFileReference; fileEncoding = 4; lastKnownFileType = sourcecode.c.h; path = FMResultSet.h; sourceTree = "<group>"; };
		41B8B72218F6F2CF009AD1C9 /* FMDatabase.m */ = {isa = PBXFileReference; fileEncoding = 4; lastKnownFileType = sourcecode.c.objc; path = FMDatabase.m; sourceTree = "<group>"; };
		41B8B72318F6F2CF009AD1C9 /* FMDatabase.h */ = {isa = PBXFileReference; fileEncoding = 4; lastKnownFileType = sourcecode.c.h; path = FMDatabase.h; sourceTree = "<group>"; };
		41B8B72718F6F326009AD1C9 /* libsqlite3.0.dylib */ = {isa = PBXFileReference; lastKnownFileType = "compiled.mach-o.dylib"; name = libsqlite3.0.dylib; path = usr/lib/libsqlite3.0.dylib; sourceTree = SDKROOT; };
		41B8B72E18F6FEC2009AD1C9 /* UserCell.h */ = {isa = PBXFileReference; fileEncoding = 4; lastKnownFileType = sourcecode.c.h; path = UserCell.h; sourceTree = "<group>"; };
		41B8B72F18F6FEC2009AD1C9 /* UserCell.m */ = {isa = PBXFileReference; fileEncoding = 4; lastKnownFileType = sourcecode.c.objc; path = UserCell.m; sourceTree = "<group>"; };
		41B8B73018F6FEC2009AD1C9 /* UserCell.xib */ = {isa = PBXFileReference; fileEncoding = 4; lastKnownFileType = file.xib; path = UserCell.xib; sourceTree = "<group>"; };
		41BC861818F9177900FD9D31 /* UserModel.h */ = {isa = PBXFileReference; fileEncoding = 4; lastKnownFileType = sourcecode.c.h; path = UserModel.h; sourceTree = "<group>"; };
		41BC861918F9177900FD9D31 /* UserModel.m */ = {isa = PBXFileReference; fileEncoding = 4; lastKnownFileType = sourcecode.c.objc; path = UserModel.m; sourceTree = "<group>"; };
		41E701D418F6DE9F00E82ACA /* UserDetail.sqlite */ = {isa = PBXFileReference; lastKnownFileType = file; path = UserDetail.sqlite; sourceTree = "<group>"; };
/* End PBXFileReference section */

/* Begin PBXFrameworksBuildPhase section */
		4126A16718F69C910016EEF2 /* Frameworks */ = {
			isa = PBXFrameworksBuildPhase;
			buildActionMask = 2147483647;
			files = (
				41B8B72818F6F326009AD1C9 /* libsqlite3.0.dylib in Frameworks */,
				4126A16F18F69C910016EEF2 /* UIKit.framework in Frameworks */,
				4126A17118F69C910016EEF2 /* Foundation.framework in Frameworks */,
				4126A17318F69C910016EEF2 /* CoreGraphics.framework in Frameworks */,
			);
			runOnlyForDeploymentPostprocessing = 0;
		};
/* End PBXFrameworksBuildPhase section */

/* Begin PBXGroup section */
		4126A15F18F69C900016EEF2 = {
			isa = PBXGroup;
			children = (
				4126A17418F69C910016EEF2 /* UserDetail */,
				4126A16D18F69C910016EEF2 /* Frameworks */,
				4126A16B18F69C910016EEF2 /* Products */,
			);
			sourceTree = "<group>";
		};
		4126A16B18F69C910016EEF2 /* Products */ = {
			isa = PBXGroup;
			children = (
				4126A16A18F69C910016EEF2 /* UserDetail.app */,
			);
			name = Products;
			sourceTree = "<group>";
		};
		4126A16D18F69C910016EEF2 /* Frameworks */ = {
			isa = PBXGroup;
			children = (
				41B8B72718F6F326009AD1C9 /* libsqlite3.0.dylib */,
				4126A16E18F69C910016EEF2 /* UIKit.framework */,
				4126A17018F69C910016EEF2 /* Foundation.framework */,
				4126A17218F69C910016EEF2 /* CoreGraphics.framework */,
			);
			name = Frameworks;
			sourceTree = "<group>";
		};
		4126A17418F69C910016EEF2 /* UserDetail */ = {
			isa = PBXGroup;
			children = (
				4126A17D18F69C910016EEF2 /* AppDelegate.h */,
				4126A17E18F69C910016EEF2 /* AppDelegate.m */,
				41BC861618F9173900FD9D31 /* Model */,
				41E701D718F6E07500E82ACA /* Database */,
				4126A18E18F69E170016EEF2 /* HomeViewController */,
				4126A19418F69E2D0016EEF2 /* DetailViewController */,
				4126A17518F69C910016EEF2 /* Supporting Files */,
			);
			path = UserDetail;
			sourceTree = "<group>";
		};
		4126A17518F69C910016EEF2 /* Supporting Files */ = {
			isa = PBXGroup;
			children = (
				41E701D418F6DE9F00E82ACA /* UserDetail.sqlite */,
				4126A17618F69C910016EEF2 /* UserDetail-Info.plist */,
				4126A17718F69C910016EEF2 /* InfoPlist.strings */,
				4126A17A18F69C910016EEF2 /* main.m */,
				4126A17C18F69C910016EEF2 /* UserDetail-Prefix.pch */,
			);
			name = "Supporting Files";
			sourceTree = "<group>";
		};
		4126A18E18F69E170016EEF2 /* HomeViewController */ = {
			isa = PBXGroup;
			children = (
				4126A18F18F69E170016EEF2 /* ViewController.h */,
				4126A19018F69E170016EEF2 /* ViewController.m */,
				4126A19118F69E170016EEF2 /* ViewController.xib */,
			);
			path = HomeViewController;
			sourceTree = "<group>";
		};
		4126A19418F69E2D0016EEF2 /* DetailViewController */ = {
			isa = PBXGroup;
			children = (
				41B8B72D18F6FEC2009AD1C9 /* CustomCell */,
				4126A19918F6A8A70016EEF2 /* DetailViewController.h */,
				4126A19A18F6A8A70016EEF2 /* DetailViewController.m */,
				4126A19B18F6A8A70016EEF2 /* DetailViewController.xib */,
			);
			path = DetailViewController;
			sourceTree = "<group>";
		};
		41B8B72D18F6FEC2009AD1C9 /* CustomCell */ = {
			isa = PBXGroup;
			children = (
				41B8B72E18F6FEC2009AD1C9 /* UserCell.h */,
				41B8B72F18F6FEC2009AD1C9 /* UserCell.m */,
				41B8B73018F6FEC2009AD1C9 /* UserCell.xib */,
			);
			path = CustomCell;
			sourceTree = "<group>";
		};
		41BC861618F9173900FD9D31 /* Model */ = {
			isa = PBXGroup;
			children = (
				41BC861818F9177900FD9D31 /* UserModel.h */,
				41BC861918F9177900FD9D31 /* UserModel.m */,
			);
			path = Model;
			sourceTree = "<group>";
		};
		41E701D718F6E07500E82ACA /* Database */ = {
			isa = PBXGroup;
			children = (
				41B8B72018F6F2CF009AD1C9 /* FMResultSet.m */,
				41B8B72118F6F2CF009AD1C9 /* FMResultSet.h */,
				41B8B72218F6F2CF009AD1C9 /* FMDatabase.m */,
				41B8B72318F6F2CF009AD1C9 /* FMDatabase.h */,
			);
			path = Database;
			sourceTree = "<group>";
		};
/* End PBXGroup section */

/* Begin PBXNativeTarget section */
		4126A16918F69C910016EEF2 /* UserDetail */ = {
			isa = PBXNativeTarget;
			buildConfigurationList = 4126A18818F69C910016EEF2 /* Build configuration list for PBXNativeTarget "UserDetail" */;
			buildPhases = (
				4126A16618F69C910016EEF2 /* Sources */,
				4126A16718F69C910016EEF2 /* Frameworks */,
				4126A16818F69C910016EEF2 /* Resources */,
			);
			buildRules = (
			);
			dependencies = (
			);
			name = UserDetail;
			productName = UserDetail;
			productReference = 4126A16A18F69C910016EEF2 /* UserDetail.app */;
			productType = "com.apple.product-type.application";
		};
/* End PBXNativeTarget section */

/* Begin PBXProject section */
		4126A16118F69C900016EEF2 /* Project object */ = {
			isa = PBXProject;
			attributes = {
				LastUpgradeCheck = 0420;
			};
			buildConfigurationList = 4126A16418F69C900016EEF2 /* Build configuration list for PBXProject "UserDetail" */;
			compatibilityVersion = "Xcode 3.2";
			developmentRegion = English;
			hasScannedForEncodings = 0;
			knownRegions = (
				en,
			);
			mainGroup = 4126A15F18F69C900016EEF2;
			productRefGroup = 4126A16B18F69C910016EEF2 /* Products */;
			projectDirPath = "";
			projectRoot = "";
			targets = (
				4126A16918F69C910016EEF2 /* UserDetail */,
			);
		};
/* End PBXProject section */

/* Begin PBXResourcesBuildPhase section */
		4126A16818F69C910016EEF2 /* Resources */ = {
			isa = PBXResourcesBuildPhase;
			buildActionMask = 2147483647;
			files = (
				4126A17918F69C910016EEF2 /* InfoPlist.strings in Resources */,
				4126A19318F69E170016EEF2 /* ViewController.xib in Resources */,
				4126A19D18F6A8A70016EEF2 /* DetailViewController.xib in Resources */,
				41E701D518F6DE9F00E82ACA /* UserDetail.sqlite in Resources */,
				41B8B73218F6FEC2009AD1C9 /* UserCell.xib in Resources */,
			);
			runOnlyForDeploymentPostprocessing = 0;
		};
/* End PBXResourcesBuildPhase section */

/* Begin PBXSourcesBuildPhase section */
		4126A16618F69C910016EEF2 /* Sources */ = {
			isa = PBXSourcesBuildPhase;
			buildActionMask = 2147483647;
			files = (
				4126A17B18F69C910016EEF2 /* main.m in Sources */,
				4126A17F18F69C910016EEF2 /* AppDelegate.m in Sources */,
				4126A19218F69E170016EEF2 /* ViewController.m in Sources */,
				4126A19C18F6A8A70016EEF2 /* DetailViewController.m in Sources */,
				41B8B72418F6F2CF009AD1C9 /* FMResultSet.m in Sources */,
				41B8B72518F6F2CF009AD1C9 /* FMDatabase.m in Sources */,
				41B8B73118F6FEC2009AD1C9 /* UserCell.m in Sources */,
				41BC861A18F9177900FD9D31 /* UserModel.m in Sources */,
			);
			runOnlyForDeploymentPostprocessing = 0;
		};
/* End PBXSourcesBuildPhase section */

/* Begin PBXVariantGroup section */
		4126A17718F69C910016EEF2 /* InfoPlist.strings */ = {
			isa = PBXVariantGroup;
			children = (
				4126A17818F69C910016EEF2 /* en */,
			);
			name = InfoPlist.strings;
			sourceTree = "<group>";
		};
/* End PBXVariantGroup section */

/* Begin XCBuildConfiguration section */
		4126A18618F69C910016EEF2 /* Debug */ = {
			isa = XCBuildConfiguration;
			buildSettings = {
				ALWAYS_SEARCH_USER_PATHS = NO;
				ARCHS = "$(ARCHS_STANDARD_32_BIT)";
				CLANG_ENABLE_OBJC_ARC = YES;
				"CODE_SIGN_IDENTITY[sdk=iphoneos*]" = "iPhone Developer";
				COPY_PHASE_STRIP = NO;
				GCC_C_LANGUAGE_STANDARD = gnu99;
				GCC_DYNAMIC_NO_PIC = NO;
				GCC_OPTIMIZATION_LEVEL = 0;
				GCC_PREPROCESSOR_DEFINITIONS = (
					"DEBUG=1",
					"$(inherited)",
				);
				GCC_SYMBOLS_PRIVATE_EXTERN = NO;
				GCC_VERSION = com.apple.compilers.llvm.clang.1_0;
				GCC_WARN_ABOUT_MISSING_PROTOTYPES = YES;
				GCC_WARN_ABOUT_RETURN_TYPE = YES;
				GCC_WARN_UNUSED_VARIABLE = YES;
				IPHONEOS_DEPLOYMENT_TARGET = 5.0;
				SDKROOT = iphoneos;
			};
			name = Debug;
		};
		4126A18718F69C910016EEF2 /* Release */ = {
			isa = XCBuildConfiguration;
			buildSettings = {
				ALWAYS_SEARCH_USER_PATHS = NO;
				ARCHS = "$(ARCHS_STANDARD_32_BIT)";
				CLANG_ENABLE_OBJC_ARC = YES;
				"CODE_SIGN_IDENTITY[sdk=iphoneos*]" = "iPhone Developer";
				COPY_PHASE_STRIP = YES;
				GCC_C_LANGUAGE_STANDARD = gnu99;
				GCC_VERSION = com.apple.compilers.llvm.clang.1_0;
				GCC_WARN_ABOUT_MISSING_PROTOTYPES = YES;
				GCC_WARN_ABOUT_RETURN_TYPE = YES;
				GCC_WARN_UNUSED_VARIABLE = YES;
				IPHONEOS_DEPLOYMENT_TARGET = 5.0;
				OTHER_CFLAGS = "-DNS_BLOCK_ASSERTIONS=1";
				SDKROOT = iphoneos;
				VALIDATE_PRODUCT = YES;
			};
			name = Release;
		};
		4126A18918F69C910016EEF2 /* Debug */ = {
			isa = XCBuildConfiguration;
			buildSettings = {
				GCC_PRECOMPILE_PREFIX_HEADER = YES;
				GCC_PREFIX_HEADER = "UserDetail/UserDetail-Prefix.pch";
				INFOPLIST_FILE = "UserDetail/UserDetail-Info.plist";
				PRODUCT_NAME = "$(TARGET_NAME)";
				WRAPPER_EXTENSION = app;
			};
			name = Debug;
		};
		4126A18A18F69C910016EEF2 /* Release */ = {
			isa = XCBuildConfiguration;
			buildSettings = {
				GCC_PRECOMPILE_PREFIX_HEADER = YES;
				GCC_PREFIX_HEADER = "UserDetail/UserDetail-Prefix.pch";
				INFOPLIST_FILE = "UserDetail/UserDetail-Info.plist";
				PRODUCT_NAME = "$(TARGET_NAME)";
				WRAPPER_EXTENSION = app;
			};
			name = Release;
		};
/* End XCBuildConfiguration section */

/* Begin XCConfigurationList section */
		4126A16418F69C900016EEF2 /* Build configuration list for PBXProject "UserDetail" */ = {
			isa = XCConfigurationList;
			buildConfigurations = (
				4126A18618F69C910016EEF2 /* Debug */,
				4126A18718F69C910016EEF2 /* Release */,
			);
			defaultConfigurationIsVisible = 0;
			defaultConfigurationName = Release;
		};
		4126A18818F69C910016EEF2 /* Build configuration list for PBXNativeTarget "UserDetail" */ = {
			isa = XCConfigurationList;
			buildConfigurations = (
				4126A18918F69C910016EEF2 /* Debug */,
				4126A18A18F69C910016EEF2 /* Release */,
			);
			defaultConfigurationIsVisible = 0;
			defaultConfigurationName = Release;
		};
/* End XCConfigurationList section */
	};
	rootObject = 4126A16118F69C900016EEF2 /* Project object */;
}
